
Microsoft Visual Studio Solution File, Format Version 12.00
# Visual Studio 15
Project("{FAE04EC0-301F-11D3-BF4B-00C04F79EFBC}") = "Unity.RenderPipelines.Core.Runtime", "Unity.RenderPipelines.Core.Runtime.csproj", "{BEBC7118-F80B-4905-4D2E-556AE1C961A9}"
EndProject
Project("{FAE04EC0-301F-11D3-BF4B-00C04F79EFBC}") = "UnityEngine.TestRunner", "UnityEngine.TestRunner.csproj", "{2655D5B2-ACD7-BE60-37C6-DCA96346157D}"
EndProject
Project("{FAE04EC0-301F-11D3-BF4B-00C04F79EFBC}") = "Unity.Mathematics", "Unity.Mathematics.csproj", "{0D32C541-569E-9C28-2365-E84486DC224E}"
EndProject
Project("{FAE04EC0-301F-11D3-BF4B-00C04F79EFBC}") = "Unity.InputSystem", "Unity.InputSystem.csproj", "{A624D739-EF7B-6322-77C3-CA8CF8CAE2E3}"
EndProject
Project("{FAE04EC0-301F-11D3-BF4B-00C04F79EFBC}") = "Unity.RenderPipelines.Universal.Runtime", "Unity.RenderPipelines.Universal.Runtime.csproj", "{16FD9A99-A533-ACF4-1339-D2F4F7394E4E}"
EndProject
Project("{FAE04EC0-301F-11D3-BF4B-00C04F79EFBC}") = "Unity.Postprocessing.Runtime", "Unity.Postprocessing.Runtime.csproj", "{E8D658D9-A79E-6AC5-67C1-9ABC31116464}"
EndProject
Project("{FAE04EC0-301F-11D3-BF4B-00C04F79EFBC}") = "Unity.Animation.Rigging", "Unity.Animation.Rigging.csproj", "{C4B30789-6D8A-798A-F49B-44AF86DE789B}"
EndProject
Project("{FAE04EC0-301F-11D3-BF4B-00C04F79EFBC}") = "Unity.Burst", "Unity.Burst.csproj", "{FC87C18B-71CA-C897-298D-7DD1D59BC954}"
EndProject
Project("{FAE04EC0-301F-11D3-BF4B-00C04F79EFBC}") = "Unity.TextMeshPro", "Unity.TextMeshPro.csproj", "{86DD3DDB-1347-9951-5F42-7A6CA88003B0}"
EndProject
Project("{FAE04EC0-301F-11D3-BF4B-00C04F79EFBC}") = "Unity.Polybrush", "Unity.Polybrush.csproj", "{23044666-6099-FB05-5C2B-8A3E8165F189}"
EndProject
Project("{FAE04EC0-301F-11D3-BF4B-00C04F79EFBC}") = "Unity.ProBuilder.Poly2Tri", "Unity.ProBuilder.Poly2Tri.csproj", "{73F920F5-B02D-C747-3ACA-F1F2AC09FE8E}"
EndProject
Project("{FAE04EC0-301F-11D3-BF4B-00C04F79EFBC}") = "Cinemachine", "Cinemachine.csproj", "{71CCD258-DCD5-420B-0EA5-BE22D97C9540}"
EndProject
Project("{FAE04EC0-301F-11D3-BF4B-00C04F79EFBC}") = "Unity.Timeline", "Unity.Timeline.csproj", "{304140F6-3441-A73A-C4B3-7DE36C24D401}"
EndProject
Project("{FAE04EC0-301F-11D3-BF4B-00C04F79EFBC}") = "Assembly-CSharp", "Assembly-CSharp.csproj", "{C1C5630E-BB6D-868F-3382-6FF8C8FDBDC8}"
EndProject
Project("{FAE04EC0-301F-11D3-BF4B-00C04F79EFBC}") = "Unity.ProBuilder", "Unity.ProBuilder.csproj", "{A398FB0E-301C-ACE8-84E9-497E6EBD72E9}"
EndProject
Project("{FAE04EC0-301F-11D3-BF4B-00C04F79EFBC}") = "com.unity.multiplayer-hlapi.Runtime", "com.unity.multiplayer-hlapi.Runtime.csproj", "{034BA94B-7973-2FF8-6200-99CAB6664D30}"
EndProject
Project("{FAE04EC0-301F-11D3-BF4B-00C04F79EFBC}") = "Unity.ProBuilder.Csg", "Unity.ProBuilder.Csg.csproj", "{BA19EE7C-A091-27A3-6C14-C309974B7889}"
EndProject
Project("{FAE04EC0-301F-11D3-BF4B-00C04F79EFBC}") = "Unity.ProBuilder.KdTree", "Unity.ProBuilder.KdTree.csproj", "{F5C8E002-5046-C834-2F71-429CCBCB1851}"
EndProject
Project("{FAE04EC0-301F-11D3-BF4B-00C04F79EFBC}") = "Unity.RenderPipelines.Core.ShaderLibrary", "Unity.RenderPipelines.Core.ShaderLibrary.csproj", "{53DF7047-44F7-4D4B-72D5-8F49C7C2DC7F}"
EndProject
Project("{FAE04EC0-301F-11D3-BF4B-00C04F79EFBC}") = "Unity.RenderPipeline.Universal.ShaderLibrary", "Unity.RenderPipeline.Universal.ShaderLibrary.csproj", "{A4242909-62E6-B34F-6E27-02500FD6D392}"
EndProject
Project("{FAE04EC0-301F-11D3-BF4B-00C04F79EFBC}") = "Unity.ProBuilder.Stl", "Unity.ProBuilder.Stl.csproj", "{045CD3EC-4B35-A74C-E0AD-45B15FFB8304}"
EndProject
Project("{FAE04EC0-301F-11D3-BF4B-00C04F79EFBC}") = "Unity.RenderPipelines.Universal.Shaders", "Unity.RenderPipelines.Universal.Shaders.csproj", "{DB81A451-F3F4-3057-E20E-221E205EB253}"
EndProject
Project("{FAE04EC0-301F-11D3-BF4B-00C04F79EFBC}") = "Unity.RenderPipelines.ShaderGraph.ShaderGraphLibrary", "Unity.RenderPipelines.ShaderGraph.ShaderGraphLibrary.csproj", "{0A51E643-F3FD-80C9-6B02-55EB52FBEF7E}"
EndProject
Project("{FAE04EC0-301F-11D3-BF4B-00C04F79EFBC}") = "Unity.ShaderGraph.Editor", "Unity.ShaderGraph.Editor.csproj", "{8C356381-439A-13C4-C25C-161C9ECE0193}"
EndProject
Project("{FAE04EC0-301F-11D3-BF4B-00C04F79EFBC}") = "Unity.VisualStudio.Editor", "Unity.VisualStudio.Editor.csproj", "{42ABEA77-B938-77C3-F0FC-1FE554DB5A44}"
EndProject
Project("{FAE04EC0-301F-11D3-BF4B-00C04F79EFBC}") = "Unity.ProBuilder.Editor", "Unity.ProBuilder.Editor.csproj", "{C5ADEC6F-7590-276B-9A6F-15272C663B27}"
EndProject
Project("{FAE04EC0-301F-11D3-BF4B-00C04F79EFBC}") = "Unity.Timeline.Editor", "Unity.Timeline.Editor.csproj", "{69C3880A-67B6-7CC1-9872-0AAC0667422D}"
EndProject
Project("{FAE04EC0-301F-11D3-BF4B-00C04F79EFBC}") = "com.unity.cinemachine.editor", "com.unity.cinemachine.editor.csproj", "{5C393C07-AC2D-C512-D846-96708867FFDF}"
EndProject
Project("{FAE04EC0-301F-11D3-BF4B-00C04F79EFBC}") = "Unity.TextMeshPro.Editor", "Unity.TextMeshPro.Editor.csproj", "{47801F49-27C4-A5AE-9E4F-F4D80F75E985}"
EndProject
Project("{FAE04EC0-301F-11D3-BF4B-00C04F79EFBC}") = "Unity.Postprocessing.Editor", "Unity.Postprocessing.Editor.csproj", "{122B4491-88BD-8D04-9278-270446D54569}"
EndProject
Project("{FAE04EC0-301F-11D3-BF4B-00C04F79EFBC}") = "UnityEditor.TestRunner", "UnityEditor.TestRunner.csproj", "{6B584E5A-7F26-BF16-6106-3115CA136BD1}"
EndProject
Project("{FAE04EC0-301F-11D3-BF4B-00C04F79EFBC}") = "Unity.Polybrush.Editor", "Unity.Polybrush.Editor.csproj", "{6C9AE601-105D-CC71-CBE3-20EFC864A8D5}"
EndProject
Project("{FAE04EC0-301F-11D3-BF4B-00C04F79EFBC}") = "Unity.RenderPipelines.Universal.Editor", "Unity.RenderPipelines.Universal.Editor.csproj", "{9D5FB8FC-EFAF-FBC8-9F8B-5A4AE9A91E5B}"
EndProject
Project("{FAE04EC0-301F-11D3-BF4B-00C04F79EFBC}") = "Unity.Animation.Rigging.Editor", "Unity.Animation.Rigging.Editor.csproj", "{395B3BCE-83A5-DCA0-2681-451CC483115F}"
EndProject
Project("{FAE04EC0-301F-11D3-BF4B-00C04F79EFBC}") = "Unity.Performance.Profile-Analyzer.Editor", "Unity.Performance.Profile-Analyzer.Editor.csproj", "{93630127-1C28-BF57-1715-447C752FF76F}"
EndProject
Project("{FAE04EC0-301F-11D3-BF4B-00C04F79EFBC}") = "com.unity.multiplayer-hlapi.Editor", "com.unity.multiplayer-hlapi.Editor.csproj", "{5BCDBA53-94FF-7F22-5714-619DC8FDF92E}"
EndProject
Project("{FAE04EC0-301F-11D3-BF4B-00C04F79EFBC}") = "Unity.RenderPipelines.Core.Editor", "Unity.RenderPipelines.Core.Editor.csproj", "{81486692-A58E-84F3-F5D7-852359CD19F7}"
EndProject
Project("{FAE04EC0-301F-11D3-BF4B-00C04F79EFBC}") = "Unity.Searcher.Editor", "Unity.Searcher.Editor.csproj", "{A2B6A518-4A75-1EA6-8FC1-050EDBCAF526}"
EndProject
Project("{FAE04EC0-301F-11D3-BF4B-00C04F79EFBC}") = "com.unity.multiplayer-weaver.Editor", "com.unity.multiplayer-weaver.Editor.csproj", "{BCA25D3A-218B-4580-EB75-40F20032D99D}"
EndProject
Project("{FAE04EC0-301F-11D3-BF4B-00C04F79EFBC}") = "Unity.VSCode.Editor", "Unity.VSCode.Editor.csproj", "{224646B4-C96C-84D7-29C4-FFCE63DC770C}"
EndProject
Project("{FAE04EC0-301F-11D3-BF4B-00C04F79EFBC}") = "Unity.ProBuilder.AssetIdRemapUtility", "Unity.ProBuilder.AssetIdRemapUtility.csproj", "{C2EE9B11-70A7-5127-FE95-165FD9634056}"
EndProject
Project("{FAE04EC0-301F-11D3-BF4B-00C04F79EFBC}") = "Unity.Settings.Editor", "Unity.Settings.Editor.csproj", "{FB9C145C-218D-F24B-5D76-8498560A387F}"
EndProject
Project("{FAE04EC0-301F-11D3-BF4B-00C04F79EFBC}") = "Unity.Mathematics.Editor", "Unity.Mathematics.Editor.csproj", "{17264BAD-02C6-BB80-0C33-A7C41A54B4A2}"
EndProject
Project("{FAE04EC0-301F-11D3-BF4B-00C04F79EFBC}") = "Unity.Burst.Editor", "Unity.Burst.Editor.csproj", "{32705751-18E3-F09F-0FDF-DA9B492C0E38}"
EndProject
Project("{FAE04EC0-301F-11D3-BF4B-00C04F79EFBC}") = "Unity.ShaderGraph.Utilities", "Unity.ShaderGraph.Utilities.csproj", "{1E167FEB-1AAC-3224-A2FD-BDF49C23C002}"
EndProject
Project("{FAE04EC0-301F-11D3-BF4B-00C04F79EFBC}") = "Unity.ProBuilder.AddOns.Editor", "Unity.ProBuilder.AddOns.Editor.csproj", "{BCCC83A7-3B68-9235-8EFF-586548F3CE91}"
EndProject
Global
	GlobalSection(SolutionConfigurationPlatforms) = preSolution
		Debug|Any CPU = Debug|Any CPU
		Release|Any CPU = Release|Any CPU
	EndGlobalSection
	GlobalSection(ProjectConfigurationPlatforms) = postSolution
		{BEBC7118-F80B-4905-4D2E-556AE1C961A9}.Debug|Any CPU.ActiveCfg = Debug|Any CPU
		{BEBC7118-F80B-4905-4D2E-556AE1C961A9}.Debug|Any CPU.Build.0 = Debug|Any CPU
		{BEBC7118-F80B-4905-4D2E-556AE1C961A9}.Release|Any CPU.ActiveCfg = Release|Any CPU
		{BEBC7118-F80B-4905-4D2E-556AE1C961A9}.Release|Any CPU.Build.0 = Release|Any CPU
		{2655D5B2-ACD7-BE60-37C6-DCA96346157D}.Debug|Any CPU.ActiveCfg = Debug|Any CPU
		{2655D5B2-ACD7-BE60-37C6-DCA96346157D}.Debug|Any CPU.Build.0 = Debug|Any CPU
		{2655D5B2-ACD7-BE60-37C6-DCA96346157D}.Release|Any CPU.ActiveCfg = Release|Any CPU
		{2655D5B2-ACD7-BE60-37C6-DCA96346157D}.Release|Any CPU.Build.0 = Release|Any CPU
		{0D32C541-569E-9C28-2365-E84486DC224E}.Debug|Any CPU.ActiveCfg = Debug|Any CPU
		{0D32C541-569E-9C28-2365-E84486DC224E}.Debug|Any CPU.Build.0 = Debug|Any CPU
		{0D32C541-569E-9C28-2365-E84486DC224E}.Release|Any CPU.ActiveCfg = Release|Any CPU
		{0D32C541-569E-9C28-2365-E84486DC224E}.Release|Any CPU.Build.0 = Release|Any CPU
		{A624D739-EF7B-6322-77C3-CA8CF8CAE2E3}.Debug|Any CPU.ActiveCfg = Debug|Any CPU
		{A624D739-EF7B-6322-77C3-CA8CF8CAE2E3}.Debug|Any CPU.Build.0 = Debug|Any CPU
		{A624D739-EF7B-6322-77C3-CA8CF8CAE2E3}.Release|Any CPU.ActiveCfg = Release|Any CPU
		{A624D739-EF7B-6322-77C3-CA8CF8CAE2E3}.Release|Any CPU.Build.0 = Release|Any CPU
		{16FD9A99-A533-ACF4-1339-D2F4F7394E4E}.Debug|Any CPU.ActiveCfg = Debug|Any CPU
		{16FD9A99-A533-ACF4-1339-D2F4F7394E4E}.Debug|Any CPU.Build.0 = Debug|Any CPU
		{16FD9A99-A533-ACF4-1339-D2F4F7394E4E}.Release|Any CPU.ActiveCfg = Release|Any CPU
		{16FD9A99-A533-ACF4-1339-D2F4F7394E4E}.Release|Any CPU.Build.0 = Release|Any CPU
		{E8D658D9-A79E-6AC5-67C1-9ABC31116464}.Debug|Any CPU.ActiveCfg = Debug|Any CPU
		{E8D658D9-A79E-6AC5-67C1-9ABC31116464}.Debug|Any CPU.Build.0 = Debug|Any CPU
		{E8D658D9-A79E-6AC5-67C1-9ABC31116464}.Release|Any CPU.ActiveCfg = Release|Any CPU
		{E8D658D9-A79E-6AC5-67C1-9ABC31116464}.Release|Any CPU.Build.0 = Release|Any CPU
		{C4B30789-6D8A-798A-F49B-44AF86DE789B}.Debug|Any CPU.ActiveCfg = Debug|Any CPU
		{C4B30789-6D8A-798A-F49B-44AF86DE789B}.Debug|Any CPU.Build.0 = Debug|Any CPU
		{C4B30789-6D8A-798A-F49B-44AF86DE789B}.Release|Any CPU.ActiveCfg = Release|Any CPU
		{C4B30789-6D8A-798A-F49B-44AF86DE789B}.Release|Any CPU.Build.0 = Release|Any CPU
		{FC87C18B-71CA-C897-298D-7DD1D59BC954}.Debug|Any CPU.ActiveCfg = Debug|Any CPU
		{FC87C18B-71CA-C897-298D-7DD1D59BC954}.Debug|Any CPU.Build.0 = Debug|Any CPU
		{FC87C18B-71CA-C897-298D-7DD1D59BC954}.Release|Any CPU.ActiveCfg = Release|Any CPU
		{FC87C18B-71CA-C897-298D-7DD1D59BC954}.Release|Any CPU.Build.0 = Release|Any CPU
		{86DD3DDB-1347-9951-5F42-7A6CA88003B0}.Debug|Any CPU.ActiveCfg = Debug|Any CPU
		{86DD3DDB-1347-9951-5F42-7A6CA88003B0}.Debug|Any CPU.Build.0 = Debug|Any CPU
		{86DD3DDB-1347-9951-5F42-7A6CA88003B0}.Release|Any CPU.ActiveCfg = Release|Any CPU
		{86DD3DDB-1347-9951-5F42-7A6CA88003B0}.Release|Any CPU.Build.0 = Release|Any CPU
		{23044666-6099-FB05-5C2B-8A3E8165F189}.Debug|Any CPU.ActiveCfg = Debug|Any CPU
		{23044666-6099-FB05-5C2B-8A3E8165F189}.Debug|Any CPU.Build.0 = Debug|Any CPU
		{23044666-6099-FB05-5C2B-8A3E8165F189}.Release|Any CPU.ActiveCfg = Release|Any CPU
		{23044666-6099-FB05-5C2B-8A3E8165F189}.Release|Any CPU.Build.0 = Release|Any CPU
		{73F920F5-B02D-C747-3ACA-F1F2AC09FE8E}.Debug|Any CPU.ActiveCfg = Debug|Any CPU
		{73F920F5-B02D-C747-3ACA-F1F2AC09FE8E}.Debug|Any CPU.Build.0 = Debug|Any CPU
		{73F920F5-B02D-C747-3ACA-F1F2AC09FE8E}.Release|Any CPU.ActiveCfg = Release|Any CPU
		{73F920F5-B02D-C747-3ACA-F1F2AC09FE8E}.Release|Any CPU.Build.0 = Release|Any CPU
		{71CCD258-DCD5-420B-0EA5-BE22D97C9540}.Debug|Any CPU.ActiveCfg = Debug|Any CPU
		{71CCD258-DCD5-420B-0EA5-BE22D97C9540}.Debug|Any CPU.Build.0 = Debug|Any CPU
		{71CCD258-DCD5-420B-0EA5-BE22D97C9540}.Release|Any CPU.ActiveCfg = Release|Any CPU
		{71CCD258-DCD5-420B-0EA5-BE22D97C9540}.Release|Any CPU.Build.0 = Release|Any CPU
		{304140F6-3441-A73A-C4B3-7DE36C24D401}.Debug|Any CPU.ActiveCfg = Debug|Any CPU
		{304140F6-3441-A73A-C4B3-7DE36C24D401}.Debug|Any CPU.Build.0 = Debug|Any CPU
		{304140F6-3441-A73A-C4B3-7DE36C24D401}.Release|Any CPU.ActiveCfg = Release|Any CPU
		{304140F6-3441-A73A-C4B3-7DE36C24D401}.Release|Any CPU.Build.0 = Release|Any CPU
		{C1C5630E-BB6D-868F-3382-6FF8C8FDBDC8}.Debug|Any CPU.ActiveCfg = Debug|Any CPU
		{C1C5630E-BB6D-868F-3382-6FF8C8FDBDC8}.Debug|Any CPU.Build.0 = Debug|Any CPU
		{C1C5630E-BB6D-868F-3382-6FF8C8FDBDC8}.Release|Any CPU.ActiveCfg = Release|Any CPU
		{C1C5630E-BB6D-868F-3382-6FF8C8FDBDC8}.Release|Any CPU.Build.0 = Release|Any CPU
		{A398FB0E-301C-ACE8-84E9-497E6EBD72E9}.Debug|Any CPU.ActiveCfg = Debug|Any CPU
		{A398FB0E-301C-ACE8-84E9-497E6EBD72E9}.Debug|Any CPU.Build.0 = Debug|Any CPU
		{A398FB0E-301C-ACE8-84E9-497E6EBD72E9}.Release|Any CPU.ActiveCfg = Release|Any CPU
		{A398FB0E-301C-ACE8-84E9-497E6EBD72E9}.Release|Any CPU.Build.0 = Release|Any CPU
		{034BA94B-7973-2FF8-6200-99CAB6664D30}.Debug|Any CPU.ActiveCfg = Debug|Any CPU
		{034BA94B-7973-2FF8-6200-99CAB6664D30}.Debug|Any CPU.Build.0 = Debug|Any CPU
		{034BA94B-7973-2FF8-6200-99CAB6664D30}.Release|Any CPU.ActiveCfg = Release|Any CPU
		{034BA94B-7973-2FF8-6200-99CAB6664D30}.Release|Any CPU.Build.0 = Release|Any CPU
		{BA19EE7C-A091-27A3-6C14-C309974B7889}.Debug|Any CPU.ActiveCfg = Debug|Any CPU
		{BA19EE7C-A091-27A3-6C14-C309974B7889}.Debug|Any CPU.Build.0 = Debug|Any CPU
		{BA19EE7C-A091-27A3-6C14-C309974B7889}.Release|Any CPU.ActiveCfg = Release|Any CPU
		{BA19EE7C-A091-27A3-6C14-C309974B7889}.Release|Any CPU.Build.0 = Release|Any CPU
		{F5C8E002-5046-C834-2F71-429CCBCB1851}.Debug|Any CPU.ActiveCfg = Debug|Any CPU
		{F5C8E002-5046-C834-2F71-429CCBCB1851}.Debug|Any CPU.Build.0 = Debug|Any CPU
		{F5C8E002-5046-C834-2F71-429CCBCB1851}.Release|Any CPU.ActiveCfg = Release|Any CPU
		{F5C8E002-5046-C834-2F71-429CCBCB1851}.Release|Any CPU.Build.0 = Release|Any CPU
		{53DF7047-44F7-4D4B-72D5-8F49C7C2DC7F}.Debug|Any CPU.ActiveCfg = Debug|Any CPU
		{53DF7047-44F7-4D4B-72D5-8F49C7C2DC7F}.Debug|Any CPU.Build.0 = Debug|Any CPU
		{53DF7047-44F7-4D4B-72D5-8F49C7C2DC7F}.Release|Any CPU.ActiveCfg = Release|Any CPU
		{53DF7047-44F7-4D4B-72D5-8F49C7C2DC7F}.Release|Any CPU.Build.0 = Release|Any CPU
		{A4242909-62E6-B34F-6E27-02500FD6D392}.Debug|Any CPU.ActiveCfg = Debug|Any CPU
		{A4242909-62E6-B34F-6E27-02500FD6D392}.Debug|Any CPU.Build.0 = Debug|Any CPU
		{A4242909-62E6-B34F-6E27-02500FD6D392}.Release|Any CPU.ActiveCfg = Release|Any CPU
		{A4242909-62E6-B34F-6E27-02500FD6D392}.Release|Any CPU.Build.0 = Release|Any CPU
		{045CD3EC-4B35-A74C-E0AD-45B15FFB8304}.Debug|Any CPU.ActiveCfg = Debug|Any CPU
		{045CD3EC-4B35-A74C-E0AD-45B15FFB8304}.Debug|Any CPU.Build.0 = Debug|Any CPU
		{045CD3EC-4B35-A74C-E0AD-45B15FFB8304}.Release|Any CPU.ActiveCfg = Release|Any CPU
		{045CD3EC-4B35-A74C-E0AD-45B15FFB8304}.Release|Any CPU.Build.0 = Release|Any CPU
		{DB81A451-F3F4-3057-E20E-221E205EB253}.Debug|Any CPU.ActiveCfg = Debug|Any CPU
		{DB81A451-F3F4-3057-E20E-221E205EB253}.Debug|Any CPU.Build.0 = Debug|Any CPU
		{DB81A451-F3F4-3057-E20E-221E205EB253}.Release|Any CPU.ActiveCfg = Release|Any CPU
		{DB81A451-F3F4-3057-E20E-221E205EB253}.Release|Any CPU.Build.0 = Release|Any CPU
		{0A51E643-F3FD-80C9-6B02-55EB52FBEF7E}.Debug|Any CPU.ActiveCfg = Debug|Any CPU
		{0A51E643-F3FD-80C9-6B02-55EB52FBEF7E}.Debug|Any CPU.Build.0 = Debug|Any CPU
		{0A51E643-F3FD-80C9-6B02-55EB52FBEF7E}.Release|Any CPU.ActiveCfg = Release|Any CPU
		{0A51E643-F3FD-80C9-6B02-55EB52FBEF7E}.Release|Any CPU.Build.0 = Release|Any CPU
		{8C356381-439A-13C4-C25C-161C9ECE0193}.Debug|Any CPU.ActiveCfg = Debug|Any CPU
		{8C356381-439A-13C4-C25C-161C9ECE0193}.Debug|Any CPU.Build.0 = Debug|Any CPU
		{8C356381-439A-13C4-C25C-161C9ECE0193}.Release|Any CPU.ActiveCfg = Release|Any CPU
		{8C356381-439A-13C4-C25C-161C9ECE0193}.Release|Any CPU.Build.0 = Release|Any CPU
		{42ABEA77-B938-77C3-F0FC-1FE554DB5A44}.Debug|Any CPU.ActiveCfg = Debug|Any CPU
		{42ABEA77-B938-77C3-F0FC-1FE554DB5A44}.Debug|Any CPU.Build.0 = Debug|Any CPU
		{42ABEA77-B938-77C3-F0FC-1FE554DB5A44}.Release|Any CPU.ActiveCfg = Release|Any CPU
		{42ABEA77-B938-77C3-F0FC-1FE554DB5A44}.Release|Any CPU.Build.0 = Release|Any CPU
		{C5ADEC6F-7590-276B-9A6F-15272C663B27}.Debug|Any CPU.ActiveCfg = Debug|Any CPU
		{C5ADEC6F-7590-276B-9A6F-15272C663B27}.Debug|Any CPU.Build.0 = Debug|Any CPU
		{C5ADEC6F-7590-276B-9A6F-15272C663B27}.Release|Any CPU.ActiveCfg = Release|Any CPU
		{C5ADEC6F-7590-276B-9A6F-15272C663B27}.Release|Any CPU.Build.0 = Release|Any CPU
		{69C3880A-67B6-7CC1-9872-0AAC0667422D}.Debug|Any CPU.ActiveCfg = Debug|Any CPU
		{69C3880A-67B6-7CC1-9872-0AAC0667422D}.Debug|Any CPU.Build.0 = Debug|Any CPU
		{69C3880A-67B6-7CC1-9872-0AAC0667422D}.Release|Any CPU.ActiveCfg = Release|Any CPU
		{69C3880A-67B6-7CC1-9872-0AAC0667422D}.Release|Any CPU.Build.0 = Release|Any CPU
		{5C393C07-AC2D-C512-D846-96708867FFDF}.Debug|Any CPU.ActiveCfg = Debug|Any CPU
		{5C393C07-AC2D-C512-D846-96708867FFDF}.Debug|Any CPU.Build.0 = Debug|Any CPU
		{5C393C07-AC2D-C512-D846-96708867FFDF}.Release|Any CPU.ActiveCfg = Release|Any CPU
		{5C393C07-AC2D-C512-D846-96708867FFDF}.Release|Any CPU.Build.0 = Release|Any CPU
		{47801F49-27C4-A5AE-9E4F-F4D80F75E985}.Debug|Any CPU.ActiveCfg = Debug|Any CPU
		{47801F49-27C4-A5AE-9E4F-F4D80F75E985}.Debug|Any CPU.Build.0 = Debug|Any CPU
		{47801F49-27C4-A5AE-9E4F-F4D80F75E985}.Release|Any CPU.ActiveCfg = Release|Any CPU
		{47801F49-27C4-A5AE-9E4F-F4D80F75E985}.Release|Any CPU.Build.0 = Release|Any CPU
		{122B4491-88BD-8D04-9278-270446D54569}.Debug|Any CPU.ActiveCfg = Debug|Any CPU
		{122B4491-88BD-8D04-9278-270446D54569}.Debug|Any CPU.Build.0 = Debug|Any CPU
		{122B4491-88BD-8D04-9278-270446D54569}.Release|Any CPU.ActiveCfg = Release|Any CPU
		{122B4491-88BD-8D04-9278-270446D54569}.Release|Any CPU.Build.0 = Release|Any CPU
		{6B584E5A-7F26-BF16-6106-3115CA136BD1}.Debug|Any CPU.ActiveCfg = Debug|Any CPU
		{6B584E5A-7F26-BF16-6106-3115CA136BD1}.Debug|Any CPU.Build.0 = Debug|Any CPU
		{6B584E5A-7F26-BF16-6106-3115CA136BD1}.Release|Any CPU.ActiveCfg = Release|Any CPU
		{6B584E5A-7F26-BF16-6106-3115CA136BD1}.Release|Any CPU.Build.0 = Release|Any CPU
		{6C9AE601-105D-CC71-CBE3-20EFC864A8D5}.Debug|Any CPU.ActiveCfg = Debug|Any CPU
		{6C9AE601-105D-CC71-CBE3-20EFC864A8D5}.Debug|Any CPU.Build.0 = Debug|Any CPU
		{6C9AE601-105D-CC71-CBE3-20EFC864A8D5}.Release|Any CPU.ActiveCfg = Release|Any CPU
		{6C9AE601-105D-CC71-CBE3-20EFC864A8D5}.Release|Any CPU.Build.0 = Release|Any CPU
		{9D5FB8FC-EFAF-FBC8-9F8B-5A4AE9A91E5B}.Debug|Any CPU.ActiveCfg = Debug|Any CPU
		{9D5FB8FC-EFAF-FBC8-9F8B-5A4AE9A91E5B}.Debug|Any CPU.Build.0 = Debug|Any CPU
		{9D5FB8FC-EFAF-FBC8-9F8B-5A4AE9A91E5B}.Release|Any CPU.ActiveCfg = Release|Any CPU
		{9D5FB8FC-EFAF-FBC8-9F8B-5A4AE9A91E5B}.Release|Any CPU.Build.0 = Release|Any CPU
		{395B3BCE-83A5-DCA0-2681-451CC483115F}.Debug|Any CPU.ActiveCfg = Debug|Any CPU
		{395B3BCE-83A5-DCA0-2681-451CC483115F}.Debug|Any CPU.Build.0 = Debug|Any CPU
		{395B3BCE-83A5-DCA0-2681-451CC483115F}.Release|Any CPU.ActiveCfg = Release|Any CPU
		{395B3BCE-83A5-DCA0-2681-451CC483115F}.Release|Any CPU.Build.0 = Release|Any CPU
		{93630127-1C28-BF57-1715-447C752FF76F}.Debug|Any CPU.ActiveCfg = Debug|Any CPU
		{93630127-1C28-BF57-1715-447C752FF76F}.Debug|Any CPU.Build.0 = Debug|Any CPU
		{93630127-1C28-BF57-1715-447C752FF76F}.Release|Any CPU.ActiveCfg = Release|Any CPU
		{93630127-1C28-BF57-1715-447C752FF76F}.Release|Any CPU.Build.0 = Release|Any CPU
		{5BCDBA53-94FF-7F22-5714-619DC8FDF92E}.Debug|Any CPU.ActiveCfg = Debug|Any CPU
		{5BCDBA53-94FF-7F22-5714-619DC8FDF92E}.Debug|Any CPU.Build.0 = Debug|Any CPU
		{5BCDBA53-94FF-7F22-5714-619DC8FDF92E}.Release|Any CPU.ActiveCfg = Release|Any CPU
		{5BCDBA53-94FF-7F22-5714-619DC8FDF92E}.Release|Any CPU.Build.0 = Release|Any CPU
		{81486692-A58E-84F3-F5D7-852359CD19F7}.Debug|Any CPU.ActiveCfg = Debug|Any CPU
		{81486692-A58E-84F3-F5D7-852359CD19F7}.Debug|Any CPU.Build.0 = Debug|Any CPU
		{81486692-A58E-84F3-F5D7-852359CD19F7}.Release|Any CPU.ActiveCfg = Release|Any CPU
		{81486692-A58E-84F3-F5D7-852359CD19F7}.Release|Any CPU.Build.0 = Release|Any CPU
		{A2B6A518-4A75-1EA6-8FC1-050EDBCAF526}.Debug|Any CPU.ActiveCfg = Debug|Any CPU
		{A2B6A518-4A75-1EA6-8FC1-050EDBCAF526}.Debug|Any CPU.Build.0 = Debug|Any CPU
		{A2B6A518-4A75-1EA6-8FC1-050EDBCAF526}.Release|Any CPU.ActiveCfg = Release|Any CPU
		{A2B6A518-4A75-1EA6-8FC1-050EDBCAF526}.Release|Any CPU.Build.0 = Release|Any CPU
		{BCA25D3A-218B-4580-EB75-40F20032D99D}.Debug|Any CPU.ActiveCfg = Debug|Any CPU
		{BCA25D3A-218B-4580-EB75-40F20032D99D}.Debug|Any CPU.Build.0 = Debug|Any CPU
		{BCA25D3A-218B-4580-EB75-40F20032D99D}.Release|Any CPU.ActiveCfg = Release|Any CPU
		{BCA25D3A-218B-4580-EB75-40F20032D99D}.Release|Any CPU.Build.0 = Release|Any CPU
		{224646B4-C96C-84D7-29C4-FFCE63DC770C}.Debug|Any CPU.ActiveCfg = Debug|Any CPU
		{224646B4-C96C-84D7-29C4-FFCE63DC770C}.Debug|Any CPU.Build.0 = Debug|Any CPU
		{224646B4-C96C-84D7-29C4-FFCE63DC770C}.Release|Any CPU.ActiveCfg = Release|Any CPU
		{224646B4-C96C-84D7-29C4-FFCE63DC770C}.Release|Any CPU.Build.0 = Release|Any CPU
		{C2EE9B11-70A7-5127-FE95-165FD9634056}.Debug|Any CPU.ActiveCfg = Debug|Any CPU
		{C2EE9B11-70A7-5127-FE95-165FD9634056}.Debug|Any CPU.Build.0 = Debug|Any CPU
		{C2EE9B11-70A7-5127-FE95-165FD9634056}.Release|Any CPU.ActiveCfg = Release|Any CPU
		{C2EE9B11-70A7-5127-FE95-165FD9634056}.Release|Any CPU.Build.0 = Release|Any CPU
		{FB9C145C-218D-F24B-5D76-8498560A387F}.Debug|Any CPU.ActiveCfg = Debug|Any CPU
		{FB9C145C-218D-F24B-5D76-8498560A387F}.Debug|Any CPU.Build.0 = Debug|Any CPU
		{FB9C145C-218D-F24B-5D76-8498560A387F}.Release|Any CPU.ActiveCfg = Release|Any CPU
		{FB9C145C-218D-F24B-5D76-8498560A387F}.Release|Any CPU.Build.0 = Release|Any CPU
		{17264BAD-02C6-BB80-0C33-A7C41A54B4A2}.Debug|Any CPU.ActiveCfg = Debug|Any CPU
		{17264BAD-02C6-BB80-0C33-A7C41A54B4A2}.Debug|Any CPU.Build.0 = Debug|Any CPU
		{17264BAD-02C6-BB80-0C33-A7C41A54B4A2}.Release|Any CPU.ActiveCfg = Release|Any CPU
		{17264BAD-02C6-BB80-0C33-A7C41A54B4A2}.Release|Any CPU.Build.0 = Release|Any CPU
		{32705751-18E3-F09F-0FDF-DA9B492C0E38}.Debug|Any CPU.ActiveCfg = Debug|Any CPU
		{32705751-18E3-F09F-0FDF-DA9B492C0E38}.Debug|Any CPU.Build.0 = Debug|Any CPU
		{32705751-18E3-F09F-0FDF-DA9B492C0E38}.Release|Any CPU.ActiveCfg = Release|Any CPU
		{32705751-18E3-F09F-0FDF-DA9B492C0E38}.Release|Any CPU.Build.0 = Release|Any CPU
		{1E167FEB-1AAC-3224-A2FD-BDF49C23C002}.Debug|Any CPU.ActiveCfg = Debug|Any CPU
		{1E167FEB-1AAC-3224-A2FD-BDF49C23C002}.Debug|Any CPU.Build.0 = Debug|Any CPU
		{1E167FEB-1AAC-3224-A2FD-BDF49C23C002}.Release|Any CPU.ActiveCfg = Release|Any CPU
		{1E167FEB-1AAC-3224-A2FD-BDF49C23C002}.Release|Any CPU.Build.0 = Release|Any CPU
		{BCCC83A7-3B68-9235-8EFF-586548F3CE91}.Debug|Any CPU.ActiveCfg = Debug|Any CPU
		{BCCC83A7-3B68-9235-8EFF-586548F3CE91}.Debug|Any CPU.Build.0 = Debug|Any CPU
		{BCCC83A7-3B68-9235-8EFF-586548F3CE91}.Release|Any CPU.ActiveCfg = Release|Any CPU
		{BCCC83A7-3B68-9235-8EFF-586548F3CE91}.Release|Any CPU.Build.0 = Release|Any CPU
	EndGlobalSection
	GlobalSection(SolutionProperties) = preSolution
		HideSolutionNode = FALSE
	EndGlobalSection
EndGlobal
