
Microsoft Visual Studio Solution File, Format Version 11.00
# Visual Studio 2010
Project("{FAE04EC0-301F-11D3-BF4B-00C04F79EFBC}") = "Assembly-CSharp", "Assembly-CSharp.csproj", "{0e63c5c1-6dbb-8f86-3382-6ff8c8fdbdc8}"
EndProject
Project("{FAE04EC0-301F-11D3-BF4B-00C04F79EFBC}") = "Assembly-CSharp-Editor", "Assembly-CSharp-Editor.csproj", "{a8a489b4-754f-4d8e-db3f-32a174793972}"
EndProject
Global
	GlobalSection(SolutionConfigurationPlatforms) = preSolution
		Debug|Any CPU = Debug|Any CPU
	EndGlobalSection
	GlobalSection(ProjectConfigurationPlatforms) = postSolution
		{0e63c5c1-6dbb-8f86-3382-6ff8c8fdbdc8}.Debug|Any CPU.ActiveCfg = Debug|Any CPU
		{0e63c5c1-6dbb-8f86-3382-6ff8c8fdbdc8}.Debug|Any CPU.Build.0 = Debug|Any CPU
		{a8a489b4-754f-4d8e-db3f-32a174793972}.Debug|Any CPU.ActiveCfg = Debug|Any CPU
		{a8a489b4-754f-4d8e-db3f-32a174793972}.Debug|Any CPU.Build.0 = Debug|Any CPU
	EndGlobalSection
	GlobalSection(SolutionProperties) = preSolution
		HideSolutionNode = FALSE
	EndGlobalSection
EndGlobal
